// !$*UTF8*$!
{
	archiveVersion = 1;
	classes = {
	};
	objectVersion = 51;
	objects = {

/* Begin PBXBuildFile section */
		2034C86D22DED3E100D1374F /* BasePieChartView.swift in Sources */ = {isa = PBXBuildFile; fileRef = 2034C86C22DED3E100D1374F /* BasePieChartView.swift */; };
		20A4BDCE22AE449200833BD2 /* DateCell.swift in Sources */ = {isa = PBXBuildFile; fileRef = 20A4BDCD22AE449200833BD2 /* DateCell.swift */; };
		20A4BDD022B13F1700833BD2 /* mainTabBarViewController.swift in Sources */ = {isa = PBXBuildFile; fileRef = 20A4BDCF22B13F1700833BD2 /* mainTabBarViewController.swift */; };
		20A4BDD222B143F200833BD2 /* addTasksViewController.swift in Sources */ = {isa = PBXBuildFile; fileRef = 20A4BDD122B143F200833BD2 /* addTasksViewController.swift */; };
		20A4BDD422B2889200833BD2 /* datePickerViewController.swift in Sources */ = {isa = PBXBuildFile; fileRef = 20A4BDD322B2889200833BD2 /* datePickerViewController.swift */; };
		20BE858B22AD60E900988390 /* AppDelegate.swift in Sources */ = {isa = PBXBuildFile; fileRef = 20BE858A22AD60E900988390 /* AppDelegate.swift */; };
		20BE858D22AD60E900988390 /* FirstViewController.swift in Sources */ = {isa = PBXBuildFile; fileRef = 20BE858C22AD60E900988390 /* FirstViewController.swift */; };
		20BE858F22AD60E900988390 /* statsViewComtroller.swift in Sources */ = {isa = PBXBuildFile; fileRef = 20BE858E22AD60E900988390 /* statsViewComtroller.swift */; };
		20BE859222AD60E900988390 /* Main.storyboard in Resources */ = {isa = PBXBuildFile; fileRef = 20BE859022AD60E900988390 /* Main.storyboard */; };
		20BE859422AD60EA00988390 /* Assets.xcassets in Resources */ = {isa = PBXBuildFile; fileRef = 20BE859322AD60EA00988390 /* Assets.xcassets */; };
		20BE859722AD60EA00988390 /* LaunchScreen.storyboard in Resources */ = {isa = PBXBuildFile; fileRef = 20BE859522AD60EA00988390 /* LaunchScreen.storyboard */; };
		20C2EB0522BCD386000CC95B /* taskModel.swift in Sources */ = {isa = PBXBuildFile; fileRef = 20C2EB0422BCD386000CC95B /* taskModel.swift */; };
		20C2EB0722BCD399000CC95B /* dayFunctions.swift in Sources */ = {isa = PBXBuildFile; fileRef = 20C2EB0622BCD399000CC95B /* dayFunctions.swift */; };
		20C2EB0922BCDB7A000CC95B /* Data.swift in Sources */ = {isa = PBXBuildFile; fileRef = 20C2EB0822BCDB7A000CC95B /* Data.swift */; };
		20C2EB1622BD1277000CC95B /* datePickerViewController.storyboard in Resources */ = {isa = PBXBuildFile; fileRef = 20C2EB1522BD1277000CC95B /* datePickerViewController.storyboard */; };
		20C2EB1A22BD319C000CC95B /* tasksTableViewCell.swift in Sources */ = {isa = PBXBuildFile; fileRef = 20C2EB1922BD319C000CC95B /* tasksTableViewCell.swift */; };
		20C2EB1E22BDC8EC000CC95B /* Hannotate.ttc in Resources */ = {isa = PBXBuildFile; fileRef = 20C2EB1D22BDC8EC000CC95B /* Hannotate.ttc */; };
		20C2EB2022BDC936000CC95B /* Theme.swift in Sources */ = {isa = PBXBuildFile; fileRef = 20C2EB1F22BDC936000CC95B /* Theme.swift */; };
		20C2EB2222BDCEAB000CC95B /* Colors.xcassets in Resources */ = {isa = PBXBuildFile; fileRef = 20C2EB2122BDCEAB000CC95B /* Colors.xcassets */; };
		20C2EB2522BDD8CD000CC95B /* UIButtonExtension.swift in Sources */ = {isa = PBXBuildFile; fileRef = 20C2EB2422BDD8CD000CC95B /* UIButtonExtension.swift */; };
		20C2EB2922C0AEDA000CC95B /* dayModel.swift in Sources */ = {isa = PBXBuildFile; fileRef = 20C2EB2822C0AEDA000CC95B /* dayModel.swift */; };
		20C2EB2B22C0B78F000CC95B /* subtaskModel.swift in Sources */ = {isa = PBXBuildFile; fileRef = 20C2EB2A22C0B78F000CC95B /* subtaskModel.swift */; };
		20C2EB2D22C0BB48000CC95B /* mockData.swift in Sources */ = {isa = PBXBuildFile; fileRef = 20C2EB2C22C0BB48000CC95B /* mockData.swift */; };
		20C2EB2F22C1D33E000CC95B /* daysTableViewCell.swift in Sources */ = {isa = PBXBuildFile; fileRef = 20C2EB2E22C1D33E000CC95B /* daysTableViewCell.swift */; };
		20C2EB3122C21F62000CC95B /* footerTableViewCell.swift in Sources */ = {isa = PBXBuildFile; fileRef = 20C2EB3022C21F62000CC95B /* footerTableViewCell.swift */; };
		20C2EB3322C7302A000CC95B /* FirstViewControllerExtension.swift in Sources */ = {isa = PBXBuildFile; fileRef = 20C2EB3222C7302A000CC95B /* FirstViewControllerExtension.swift */; };
		20C2EB3922CA6819000CC95B /* DateExtension.swift in Sources */ = {isa = PBXBuildFile; fileRef = 20C2EB3822CA6819000CC95B /* DateExtension.swift */; };
		8E27A1F8A11EDA6ED106B8C2 /* Pods_todo.framework in Frameworks */ = {isa = PBXBuildFile; fileRef = AFCDBF7A7DC6D756CD5CF26D /* Pods_todo.framework */; };
/* End PBXBuildFile section */

/* Begin PBXFileReference section */
		2034C86C22DED3E100D1374F /* BasePieChartView.swift */ = {isa = PBXFileReference; lastKnownFileType = sourcecode.swift; path = BasePieChartView.swift; sourceTree = "<group>"; };
		20A4BDCD22AE449200833BD2 /* DateCell.swift */ = {isa = PBXFileReference; lastKnownFileType = sourcecode.swift; path = DateCell.swift; sourceTree = "<group>"; };
		20A4BDCF22B13F1700833BD2 /* mainTabBarViewController.swift */ = {isa = PBXFileReference; lastKnownFileType = sourcecode.swift; path = mainTabBarViewController.swift; sourceTree = "<group>"; };
		20A4BDD122B143F200833BD2 /* addTasksViewController.swift */ = {isa = PBXFileReference; lastKnownFileType = sourcecode.swift; path = addTasksViewController.swift; sourceTree = "<group>"; };
		20A4BDD322B2889200833BD2 /* datePickerViewController.swift */ = {isa = PBXFileReference; lastKnownFileType = sourcecode.swift; path = datePickerViewController.swift; sourceTree = "<group>"; };
		20BE858722AD60E900988390 /* todo.app */ = {isa = PBXFileReference; explicitFileType = wrapper.application; includeInIndex = 0; path = todo.app; sourceTree = BUILT_PRODUCTS_DIR; };
		20BE858A22AD60E900988390 /* AppDelegate.swift */ = {isa = PBXFileReference; lastKnownFileType = sourcecode.swift; path = AppDelegate.swift; sourceTree = "<group>"; };
		20BE858C22AD60E900988390 /* FirstViewController.swift */ = {isa = PBXFileReference; lastKnownFileType = sourcecode.swift; path = FirstViewController.swift; sourceTree = "<group>"; };
		20BE858E22AD60E900988390 /* statsViewComtroller.swift */ = {isa = PBXFileReference; lastKnownFileType = sourcecode.swift; path = statsViewComtroller.swift; sourceTree = "<group>"; };
		20BE859122AD60E900988390 /* Base */ = {isa = PBXFileReference; lastKnownFileType = file.storyboard; name = Base; path = Base.lproj/Main.storyboard; sourceTree = "<group>"; };
		20BE859322AD60EA00988390 /* Assets.xcassets */ = {isa = PBXFileReference; lastKnownFileType = folder.assetcatalog; path = Assets.xcassets; sourceTree = "<group>"; };
		20BE859622AD60EA00988390 /* Base */ = {isa = PBXFileReference; lastKnownFileType = file.storyboard; name = Base; path = Base.lproj/LaunchScreen.storyboard; sourceTree = "<group>"; };
		20BE859822AD60EA00988390 /* Info.plist */ = {isa = PBXFileReference; lastKnownFileType = text.plist.xml; path = Info.plist; sourceTree = "<group>"; };
		20C2EB0422BCD386000CC95B /* taskModel.swift */ = {isa = PBXFileReference; lastKnownFileType = sourcecode.swift; path = taskModel.swift; sourceTree = "<group>"; };
		20C2EB0622BCD399000CC95B /* dayFunctions.swift */ = {isa = PBXFileReference; lastKnownFileType = sourcecode.swift; path = dayFunctions.swift; sourceTree = "<group>"; };
		20C2EB0822BCDB7A000CC95B /* Data.swift */ = {isa = PBXFileReference; lastKnownFileType = sourcecode.swift; path = Data.swift; sourceTree = "<group>"; };
		20C2EB1522BD1277000CC95B /* datePickerViewController.storyboard */ = {isa = PBXFileReference; fileEncoding = 4; lastKnownFileType = file.storyboard; path = datePickerViewController.storyboard; sourceTree = "<group>"; };
		20C2EB1922BD319C000CC95B /* tasksTableViewCell.swift */ = {isa = PBXFileReference; lastKnownFileType = sourcecode.swift; path = tasksTableViewCell.swift; sourceTree = "<group>"; };
		20C2EB1D22BDC8EC000CC95B /* Hannotate.ttc */ = {isa = PBXFileReference; lastKnownFileType = file; path = Hannotate.ttc; sourceTree = "<group>"; };
		20C2EB1F22BDC936000CC95B /* Theme.swift */ = {isa = PBXFileReference; lastKnownFileType = sourcecode.swift; path = Theme.swift; sourceTree = "<group>"; };
		20C2EB2122BDCEAB000CC95B /* Colors.xcassets */ = {isa = PBXFileReference; lastKnownFileType = folder.assetcatalog; path = Colors.xcassets; sourceTree = "<group>"; };
		20C2EB2422BDD8CD000CC95B /* UIButtonExtension.swift */ = {isa = PBXFileReference; lastKnownFileType = sourcecode.swift; path = UIButtonExtension.swift; sourceTree = "<group>"; };
		20C2EB2822C0AEDA000CC95B /* dayModel.swift */ = {isa = PBXFileReference; lastKnownFileType = sourcecode.swift; path = dayModel.swift; sourceTree = "<group>"; };
		20C2EB2A22C0B78F000CC95B /* subtaskModel.swift */ = {isa = PBXFileReference; lastKnownFileType = sourcecode.swift; path = subtaskModel.swift; sourceTree = "<group>"; };
		20C2EB2C22C0BB48000CC95B /* mockData.swift */ = {isa = PBXFileReference; lastKnownFileType = sourcecode.swift; path = mockData.swift; sourceTree = "<group>"; };
		20C2EB2E22C1D33E000CC95B /* daysTableViewCell.swift */ = {isa = PBXFileReference; lastKnownFileType = sourcecode.swift; path = daysTableViewCell.swift; sourceTree = "<group>"; };
		20C2EB3022C21F62000CC95B /* footerTableViewCell.swift */ = {isa = PBXFileReference; lastKnownFileType = sourcecode.swift; path = footerTableViewCell.swift; sourceTree = "<group>"; };
		20C2EB3222C7302A000CC95B /* FirstViewControllerExtension.swift */ = {isa = PBXFileReference; lastKnownFileType = sourcecode.swift; path = FirstViewControllerExtension.swift; sourceTree = "<group>"; };
		20C2EB3822CA6819000CC95B /* DateExtension.swift */ = {isa = PBXFileReference; lastKnownFileType = sourcecode.swift; path = DateExtension.swift; sourceTree = "<group>"; };
		7B879706601D73536524FFA1 /* Pods-todo.release.xcconfig */ = {isa = PBXFileReference; includeInIndex = 1; lastKnownFileType = text.xcconfig; name = "Pods-todo.release.xcconfig"; path = "Target Support Files/Pods-todo/Pods-todo.release.xcconfig"; sourceTree = "<group>"; };
		AFCDBF7A7DC6D756CD5CF26D /* Pods_todo.framework */ = {isa = PBXFileReference; explicitFileType = wrapper.framework; includeInIndex = 0; path = Pods_todo.framework; sourceTree = BUILT_PRODUCTS_DIR; };
		D08C404D78EE6319C4EEB859 /* Pods-todo.debug.xcconfig */ = {isa = PBXFileReference; includeInIndex = 1; lastKnownFileType = text.xcconfig; name = "Pods-todo.debug.xcconfig"; path = "Target Support Files/Pods-todo/Pods-todo.debug.xcconfig"; sourceTree = "<group>"; };
/* End PBXFileReference section */

/* Begin PBXFrameworksBuildPhase section */
		20BE858422AD60E900988390 /* Frameworks */ = {
			isa = PBXFrameworksBuildPhase;
			buildActionMask = 2147483647;
			files = (
				8E27A1F8A11EDA6ED106B8C2 /* Pods_todo.framework in Frameworks */,
			);
			runOnlyForDeploymentPostprocessing = 0;
		};
/* End PBXFrameworksBuildPhase section */

/* Begin PBXGroup section */
		170BFD95B95E17A98868B747 /* Pods */ = {
			isa = PBXGroup;
			children = (
				D08C404D78EE6319C4EEB859 /* Pods-todo.debug.xcconfig */,
				7B879706601D73536524FFA1 /* Pods-todo.release.xcconfig */,
			);
			path = Pods;
			sourceTree = "<group>";
		};
		20BE857E22AD60E900988390 = {
			isa = PBXGroup;
			children = (
				20BE858922AD60E900988390 /* todo */,
				20BE858822AD60E900988390 /* Products */,
				170BFD95B95E17A98868B747 /* Pods */,
				7869DB6F510FCD467C70919D /* Frameworks */,
			);
			sourceTree = "<group>";
		};
		20BE858822AD60E900988390 /* Products */ = {
			isa = PBXGroup;
			children = (
				20BE858722AD60E900988390 /* todo.app */,
			);
			name = Products;
			sourceTree = "<group>";
		};
		20BE858922AD60E900988390 /* todo */ = {
			isa = PBXGroup;
			children = (
				20C2EB2322BDD889000CC95B /* Extensions */,
				20C2EB1C22BDC89C000CC95B /* Resources */,
				20C2EB0222BCD339000CC95B /* Models */,
				20C2EB3622C7344E000CC95B /* Views */,
				20C2EB1B22BD31C6000CC95B /* Controllers */,
				20BE858A22AD60E900988390 /* AppDelegate.swift */,
				20BE859322AD60EA00988390 /* Assets.xcassets */,
				20BE859822AD60EA00988390 /* Info.plist */,
			);
			path = todo;
			sourceTree = "<group>";
		};
		20C2EB0222BCD339000CC95B /* Models */ = {
			isa = PBXGroup;
			children = (
				20C2EB0822BCDB7A000CC95B /* Data.swift */,
				20C2EB2C22C0BB48000CC95B /* mockData.swift */,
				20C2EB2622C0AE51000CC95B /* Day */,
				20C2EB0322BCD351000CC95B /* Task */,
				20C2EB2722C0AE6C000CC95B /* Subtask */,
			);
			path = Models;
			sourceTree = "<group>";
		};
		20C2EB0322BCD351000CC95B /* Task */ = {
			isa = PBXGroup;
			children = (
				20C2EB0422BCD386000CC95B /* taskModel.swift */,
			);
			path = Task;
			sourceTree = "<group>";
		};
		20C2EB1122BD0B0B000CC95B /* datePickerViewController */ = {
			isa = PBXGroup;
			children = (
				20A4BDD322B2889200833BD2 /* datePickerViewController.swift */,
			);
			path = datePickerViewController;
			sourceTree = "<group>";
		};
		20C2EB1422BD1252000CC95B /* tasksViewController */ = {
			isa = PBXGroup;
			children = (
				20BE858C22AD60E900988390 /* FirstViewController.swift */,
				20A4BDCD22AE449200833BD2 /* DateCell.swift */,
				20C2EB2E22C1D33E000CC95B /* daysTableViewCell.swift */,
				20C2EB1922BD319C000CC95B /* tasksTableViewCell.swift */,
				20C2EB3022C21F62000CC95B /* footerTableViewCell.swift */,
			);
			path = tasksViewController;
			sourceTree = "<group>";
		};
		20C2EB1B22BD31C6000CC95B /* Controllers */ = {
			isa = PBXGroup;
			children = (
				20C2EB3722C7349A000CC95B /* mainTabBarViewController */,
				20C2EB1422BD1252000CC95B /* tasksViewController */,
				20C2EB3422C733C9000CC95B /* addTasksViewController */,
				20C2EB3522C733EB000CC95B /* statsViewController */,
				20C2EB1122BD0B0B000CC95B /* datePickerViewController */,
			);
			path = Controllers;
			sourceTree = "<group>";
		};
		20C2EB1C22BDC89C000CC95B /* Resources */ = {
			isa = PBXGroup;
			children = (
				20C2EB1D22BDC8EC000CC95B /* Hannotate.ttc */,
				20C2EB1F22BDC936000CC95B /* Theme.swift */,
				20C2EB2122BDCEAB000CC95B /* Colors.xcassets */,
			);
			path = Resources;
			sourceTree = "<group>";
		};
		20C2EB2322BDD889000CC95B /* Extensions */ = {
			isa = PBXGroup;
			children = (
				20C2EB2422BDD8CD000CC95B /* UIButtonExtension.swift */,
				20C2EB3222C7302A000CC95B /* FirstViewControllerExtension.swift */,
				20C2EB3822CA6819000CC95B /* DateExtension.swift */,
			);
			path = Extensions;
			sourceTree = "<group>";
		};
		20C2EB2622C0AE51000CC95B /* Day */ = {
			isa = PBXGroup;
			children = (
				20C2EB2822C0AEDA000CC95B /* dayModel.swift */,
				20C2EB0622BCD399000CC95B /* dayFunctions.swift */,
			);
			path = Day;
			sourceTree = "<group>";
		};
		20C2EB2722C0AE6C000CC95B /* Subtask */ = {
			isa = PBXGroup;
			children = (
				20C2EB2A22C0B78F000CC95B /* subtaskModel.swift */,
			);
			path = Subtask;
			sourceTree = "<group>";
		};
		20C2EB3422C733C9000CC95B /* addTasksViewController */ = {
			isa = PBXGroup;
			children = (
				20A4BDD122B143F200833BD2 /* addTasksViewController.swift */,
			);
			path = addTasksViewController;
			sourceTree = "<group>";
		};
		20C2EB3522C733EB000CC95B /* statsViewController */ = {
			isa = PBXGroup;
			children = (
				20BE858E22AD60E900988390 /* statsViewComtroller.swift */,
			);
			path = statsViewController;
			sourceTree = "<group>";
		};
		20C2EB3622C7344E000CC95B /* Views */ = {
			isa = PBXGroup;
			children = (
				20BE859022AD60E900988390 /* Main.storyboard */,
				20C2EB1522BD1277000CC95B /* datePickerViewController.storyboard */,
				20BE859522AD60EA00988390 /* LaunchScreen.storyboard */,
				2034C86C22DED3E100D1374F /* BasePieChartView.swift */,
			);
			path = Views;
			sourceTree = "<group>";
		};
		20C2EB3722C7349A000CC95B /* mainTabBarViewController */ = {
			isa = PBXGroup;
			children = (
				20A4BDCF22B13F1700833BD2 /* mainTabBarViewController.swift */,
			);
			path = mainTabBarViewController;
			sourceTree = "<group>";
		};
		7869DB6F510FCD467C70919D /* Frameworks */ = {
			isa = PBXGroup;
			children = (
				AFCDBF7A7DC6D756CD5CF26D /* Pods_todo.framework */,
			);
			name = Frameworks;
			sourceTree = "<group>";
		};
/* End PBXGroup section */

/* Begin PBXNativeTarget section */
		20BE858622AD60E900988390 /* todo */ = {
			isa = PBXNativeTarget;
			buildConfigurationList = 20BE859B22AD60EA00988390 /* Build configuration list for PBXNativeTarget "todo" */;
			buildPhases = (
				81EFFD62D01B367863F97F8B /* [CP] Check Pods Manifest.lock */,
				20BE858322AD60E900988390 /* Sources */,
				20BE858422AD60E900988390 /* Frameworks */,
				20BE858522AD60E900988390 /* Resources */,
				7A2FFF47073D898491725879 /* [CP] Embed Pods Frameworks */,
			);
			buildRules = (
			);
			dependencies = (
			);
			name = todo;
			productName = todo;
			productReference = 20BE858722AD60E900988390 /* todo.app */;
			productType = "com.apple.product-type.application";
		};
/* End PBXNativeTarget section */

/* Begin PBXProject section */
		20BE857F22AD60E900988390 /* Project object */ = {
			isa = PBXProject;
			attributes = {
				LastSwiftUpdateCheck = 1010;
				LastUpgradeCheck = 1010;
				ORGANIZATIONNAME = "Yao Shun-Huai";
				TargetAttributes = {
					20BE858622AD60E900988390 = {
						CreatedOnToolsVersion = 10.1;
						LastSwiftMigration = 1020;
					};
				};
			};
			buildConfigurationList = 20BE858222AD60E900988390 /* Build configuration list for PBXProject "todo" */;
			compatibilityVersion = "Xcode 9.3";
			developmentRegion = en;
			hasScannedForEncodings = 0;
			knownRegions = (
				en,
				Base,
			);
			mainGroup = 20BE857E22AD60E900988390;
			productRefGroup = 20BE858822AD60E900988390 /* Products */;
			projectDirPath = "";
			projectRoot = "";
			targets = (
				20BE858622AD60E900988390 /* todo */,
			);
		};
/* End PBXProject section */

/* Begin PBXResourcesBuildPhase section */
		20BE858522AD60E900988390 /* Resources */ = {
			isa = PBXResourcesBuildPhase;
			buildActionMask = 2147483647;
			files = (
				20BE859722AD60EA00988390 /* LaunchScreen.storyboard in Resources */,
				20C2EB1E22BDC8EC000CC95B /* Hannotate.ttc in Resources */,
				20C2EB1622BD1277000CC95B /* datePickerViewController.storyboard in Resources */,
				20BE859422AD60EA00988390 /* Assets.xcassets in Resources */,
				20BE859222AD60E900988390 /* Main.storyboard in Resources */,
				20C2EB2222BDCEAB000CC95B /* Colors.xcassets in Resources */,
			);
			runOnlyForDeploymentPostprocessing = 0;
		};
/* End PBXResourcesBuildPhase section */

/* Begin PBXShellScriptBuildPhase section */
		7A2FFF47073D898491725879 /* [CP] Embed Pods Frameworks */ = {
			isa = PBXShellScriptBuildPhase;
			buildActionMask = 2147483647;
			files = (
			);
			inputFileListPaths = (
				"${PODS_ROOT}/Target Support Files/Pods-todo/Pods-todo-frameworks-${CONFIGURATION}-input-files.xcfilelist",
			);
			name = "[CP] Embed Pods Frameworks";
			outputFileListPaths = (
				"${PODS_ROOT}/Target Support Files/Pods-todo/Pods-todo-frameworks-${CONFIGURATION}-output-files.xcfilelist",
			);
			runOnlyForDeploymentPostprocessing = 0;
			shellPath = /bin/sh;
			shellScript = "\"${PODS_ROOT}/Target Support Files/Pods-todo/Pods-todo-frameworks.sh\"\n";
			showEnvVarsInLog = 0;
		};
		81EFFD62D01B367863F97F8B /* [CP] Check Pods Manifest.lock */ = {
			isa = PBXShellScriptBuildPhase;
			buildActionMask = 2147483647;
			files = (
			);
			inputFileListPaths = (
			);
			inputPaths = (
				"${PODS_PODFILE_DIR_PATH}/Podfile.lock",
				"${PODS_ROOT}/Manifest.lock",
			);
			name = "[CP] Check Pods Manifest.lock";
			outputFileListPaths = (
			);
			outputPaths = (
				"$(DERIVED_FILE_DIR)/Pods-todo-checkManifestLockResult.txt",
			);
			runOnlyForDeploymentPostprocessing = 0;
			shellPath = /bin/sh;
			shellScript = "diff \"${PODS_PODFILE_DIR_PATH}/Podfile.lock\" \"${PODS_ROOT}/Manifest.lock\" > /dev/null\nif [ $? != 0 ] ; then\n    # print error to STDERR\n    echo \"error: The sandbox is not in sync with the Podfile.lock. Run 'pod install' or update your CocoaPods installation.\" >&2\n    exit 1\nfi\n# This output is used by Xcode 'outputs' to avoid re-running this script phase.\necho \"SUCCESS\" > \"${SCRIPT_OUTPUT_FILE_0}\"\n";
			showEnvVarsInLog = 0;
		};
/* End PBXShellScriptBuildPhase section */

/* Begin PBXSourcesBuildPhase section */
		20BE858322AD60E900988390 /* Sources */ = {
			isa = PBXSourcesBuildPhase;
			buildActionMask = 2147483647;
			files = (
				20C2EB1A22BD319C000CC95B /* tasksTableViewCell.swift in Sources */,
				20C2EB3922CA6819000CC95B /* DateExtension.swift in Sources */,
				2034C86D22DED3E100D1374F /* BasePieChartView.swift in Sources */,
				20BE858F22AD60E900988390 /* statsViewComtroller.swift in Sources */,
				20A4BDD222B143F200833BD2 /* addTasksViewController.swift in Sources */,
				20BE858B22AD60E900988390 /* AppDelegate.swift in Sources */,
				20C2EB3322C7302A000CC95B /* FirstViewControllerExtension.swift in Sources */,
				20C2EB2F22C1D33E000CC95B /* daysTableViewCell.swift in Sources */,
				20A4BDD022B13F1700833BD2 /* mainTabBarViewController.swift in Sources */,
				20C2EB3122C21F62000CC95B /* footerTableViewCell.swift in Sources */,
				20C2EB0722BCD399000CC95B /* dayFunctions.swift in Sources */,
				20A4BDD422B2889200833BD2 /* datePickerViewController.swift in Sources */,
				20C2EB2522BDD8CD000CC95B /* UIButtonExtension.swift in Sources */,
				20BE858D22AD60E900988390 /* FirstViewController.swift in Sources */,
				20C2EB0522BCD386000CC95B /* taskModel.swift in Sources */,
				20C2EB2922C0AEDA000CC95B /* dayModel.swift in Sources */,
				20C2EB2B22C0B78F000CC95B /* subtaskModel.swift in Sources */,
				20C2EB2022BDC936000CC95B /* Theme.swift in Sources */,
				20C2EB2D22C0BB48000CC95B /* mockData.swift in Sources */,
				20A4BDCE22AE449200833BD2 /* DateCell.swift in Sources */,
				20C2EB0922BCDB7A000CC95B /* Data.swift in Sources */,
			);
			runOnlyForDeploymentPostprocessing = 0;
		};
/* End PBXSourcesBuildPhase section */

/* Begin PBXVariantGroup section */
		20BE859022AD60E900988390 /* Main.storyboard */ = {
			isa = PBXVariantGroup;
			children = (
				20BE859122AD60E900988390 /* Base */,
			);
			name = Main.storyboard;
			sourceTree = "<group>";
		};
		20BE859522AD60EA00988390 /* LaunchScreen.storyboard */ = {
			isa = PBXVariantGroup;
			children = (
				20BE859622AD60EA00988390 /* Base */,
			);
			name = LaunchScreen.storyboard;
			sourceTree = "<group>";
		};
/* End PBXVariantGroup section */

/* Begin XCBuildConfiguration section */
		20BE859922AD60EA00988390 /* Debug */ = {
			isa = XCBuildConfiguration;
			buildSettings = {
				ALWAYS_SEARCH_USER_PATHS = NO;
				CLANG_ANALYZER_NONNULL = YES;
				CLANG_ANALYZER_NUMBER_OBJECT_CONVERSION = YES_AGGRESSIVE;
				CLANG_CXX_LANGUAGE_STANDARD = "gnu++14";
				CLANG_CXX_LIBRARY = "libc++";
				CLANG_ENABLE_MODULES = YES;
				CLANG_ENABLE_OBJC_ARC = YES;
				CLANG_ENABLE_OBJC_WEAK = YES;
				CLANG_WARN_BLOCK_CAPTURE_AUTORELEASING = YES;
				CLANG_WARN_BOOL_CONVERSION = YES;
				CLANG_WARN_COMMA = YES;
				CLANG_WARN_CONSTANT_CONVERSION = YES;
				CLANG_WARN_DEPRECATED_OBJC_IMPLEMENTATIONS = YES;
				CLANG_WARN_DIRECT_OBJC_ISA_USAGE = YES_ERROR;
				CLANG_WARN_DOCUMENTATION_COMMENTS = YES;
				CLANG_WARN_EMPTY_BODY = YES;
				CLANG_WARN_ENUM_CONVERSION = YES;
				CLANG_WARN_INFINITE_RECURSION = YES;
				CLANG_WARN_INT_CONVERSION = YES;
				CLANG_WARN_NON_LITERAL_NULL_CONVERSION = YES;
				CLANG_WARN_OBJC_IMPLICIT_RETAIN_SELF = YES;
				CLANG_WARN_OBJC_LITERAL_CONVERSION = YES;
				CLANG_WARN_OBJC_ROOT_CLASS = YES_ERROR;
				CLANG_WARN_RANGE_LOOP_ANALYSIS = YES;
				CLANG_WARN_STRICT_PROTOTYPES = YES;
				CLANG_WARN_SUSPICIOUS_MOVE = YES;
				CLANG_WARN_UNGUARDED_AVAILABILITY = YES_AGGRESSIVE;
				CLANG_WARN_UNREACHABLE_CODE = YES;
				CLANG_WARN__DUPLICATE_METHOD_MATCH = YES;
				CODE_SIGN_IDENTITY = "iPhone Developer";
				COPY_PHASE_STRIP = NO;
				DEBUG_INFORMATION_FORMAT = dwarf;
				ENABLE_STRICT_OBJC_MSGSEND = YES;
				ENABLE_TESTABILITY = YES;
				GCC_C_LANGUAGE_STANDARD = gnu11;
				GCC_DYNAMIC_NO_PIC = NO;
				GCC_NO_COMMON_BLOCKS = YES;
				GCC_OPTIMIZATION_LEVEL = 0;
				GCC_PREPROCESSOR_DEFINITIONS = (
					"DEBUG=1",
					"$(inherited)",
				);
				GCC_WARN_64_TO_32_BIT_CONVERSION = YES;
				GCC_WARN_ABOUT_RETURN_TYPE = YES_ERROR;
				GCC_WARN_UNDECLARED_SELECTOR = YES;
				GCC_WARN_UNINITIALIZED_AUTOS = YES_AGGRESSIVE;
				GCC_WARN_UNUSED_FUNCTION = YES;
				GCC_WARN_UNUSED_VARIABLE = YES;
				IPHONEOS_DEPLOYMENT_TARGET = 12.1;
				MTL_ENABLE_DEBUG_INFO = INCLUDE_SOURCE;
				MTL_FAST_MATH = YES;
				ONLY_ACTIVE_ARCH = YES;
				SDKROOT = iphoneos;
				SWIFT_ACTIVE_COMPILATION_CONDITIONS = DEBUG;
				SWIFT_OPTIMIZATION_LEVEL = "-Onone";
			};
			name = Debug;
		};
		20BE859A22AD60EA00988390 /* Release */ = {
			isa = XCBuildConfiguration;
			buildSettings = {
				ALWAYS_SEARCH_USER_PATHS = NO;
				CLANG_ANALYZER_NONNULL = YES;
				CLANG_ANALYZER_NUMBER_OBJECT_CONVERSION = YES_AGGRESSIVE;
				CLANG_CXX_LANGUAGE_STANDARD = "gnu++14";
				CLANG_CXX_LIBRARY = "libc++";
				CLANG_ENABLE_MODULES = YES;
				CLANG_ENABLE_OBJC_ARC = YES;
				CLANG_ENABLE_OBJC_WEAK = YES;
				CLANG_WARN_BLOCK_CAPTURE_AUTORELEASING = YES;
				CLANG_WARN_BOOL_CONVERSION = YES;
				CLANG_WARN_COMMA = YES;
				CLANG_WARN_CONSTANT_CONVERSION = YES;
				CLANG_WARN_DEPRECATED_OBJC_IMPLEMENTATIONS = YES;
				CLANG_WARN_DIRECT_OBJC_ISA_USAGE = YES_ERROR;
				CLANG_WARN_DOCUMENTATION_COMMENTS = YES;
				CLANG_WARN_EMPTY_BODY = YES;
				CLANG_WARN_ENUM_CONVERSION = YES;
				CLANG_WARN_INFINITE_RECURSION = YES;
				CLANG_WARN_INT_CONVERSION = YES;
				CLANG_WARN_NON_LITERAL_NULL_CONVERSION = YES;
				CLANG_WARN_OBJC_IMPLICIT_RETAIN_SELF = YES;
				CLANG_WARN_OBJC_LITERAL_CONVERSION = YES;
				CLANG_WARN_OBJC_ROOT_CLASS = YES_ERROR;
				CLANG_WARN_RANGE_LOOP_ANALYSIS = YES;
				CLANG_WARN_STRICT_PROTOTYPES = YES;
				CLANG_WARN_SUSPICIOUS_MOVE = YES;
				CLANG_WARN_UNGUARDED_AVAILABILITY = YES_AGGRESSIVE;
				CLANG_WARN_UNREACHABLE_CODE = YES;
				CLANG_WARN__DUPLICATE_METHOD_MATCH = YES;
				CODE_SIGN_IDENTITY = "iPhone Developer";
				COPY_PHASE_STRIP = NO;
				DEBUG_INFORMATION_FORMAT = "dwarf-with-dsym";
				ENABLE_NS_ASSERTIONS = NO;
				ENABLE_STRICT_OBJC_MSGSEND = YES;
				GCC_C_LANGUAGE_STANDARD = gnu11;
				GCC_NO_COMMON_BLOCKS = YES;
				GCC_WARN_64_TO_32_BIT_CONVERSION = YES;
				GCC_WARN_ABOUT_RETURN_TYPE = YES_ERROR;
				GCC_WARN_UNDECLARED_SELECTOR = YES;
				GCC_WARN_UNINITIALIZED_AUTOS = YES_AGGRESSIVE;
				GCC_WARN_UNUSED_FUNCTION = YES;
				GCC_WARN_UNUSED_VARIABLE = YES;
				IPHONEOS_DEPLOYMENT_TARGET = 12.1;
				MTL_ENABLE_DEBUG_INFO = NO;
				MTL_FAST_MATH = YES;
				SDKROOT = iphoneos;
				SWIFT_COMPILATION_MODE = wholemodule;
				SWIFT_OPTIMIZATION_LEVEL = "-O";
				VALIDATE_PRODUCT = YES;
			};
			name = Release;
		};
		20BE859C22AD60EA00988390 /* Debug */ = {
			isa = XCBuildConfiguration;
			baseConfigurationReference = D08C404D78EE6319C4EEB859 /* Pods-todo.debug.xcconfig */;
			buildSettings = {
				ASSETCATALOG_COMPILER_APPICON_NAME = AppIcon;
				CODE_SIGN_STYLE = Automatic;
				DEVELOPMENT_TEAM = PNTZVK43L5;
				INFOPLIST_FILE = todo/Info.plist;
				IPHONEOS_DEPLOYMENT_TARGET = 11.1;
				LD_RUNPATH_SEARCH_PATHS = (
					"$(inherited)",
					"@executable_path/Frameworks",
				);
				PRODUCT_BUNDLE_IDENTIFIER = com.shunhuaiyao.todo;
				PRODUCT_NAME = "$(TARGET_NAME)";
				SWIFT_VERSION = 5.0;
				TARGETED_DEVICE_FAMILY = "1,2";
			};
			name = Debug;
		};
		20BE859D22AD60EA00988390 /* Release */ = {
			isa = XCBuildConfiguration;
			baseConfigurationReference = 7B879706601D73536524FFA1 /* Pods-todo.release.xcconfig */;
			buildSettings = {
				ASSETCATALOG_COMPILER_APPICON_NAME = AppIcon;
				CODE_SIGN_STYLE = Automatic;
				DEVELOPMENT_TEAM = PNTZVK43L5;
				INFOPLIST_FILE = todo/Info.plist;
				IPHONEOS_DEPLOYMENT_TARGET = 11.1;
				LD_RUNPATH_SEARCH_PATHS = (
					"$(inherited)",
					"@executable_path/Frameworks",
				);
				PRODUCT_BUNDLE_IDENTIFIER = com.shunhuaiyao.todo;
				PRODUCT_NAME = "$(TARGET_NAME)";
				SWIFT_VERSION = 5.0;
				TARGETED_DEVICE_FAMILY = "1,2";
			};
			name = Release;
		};
/* End XCBuildConfiguration section */

/* Begin XCConfigurationList section */
		20BE858222AD60E900988390 /* Build configuration list for PBXProject "todo" */ = {
			isa = XCConfigurationList;
			buildConfigurations = (
				20BE859922AD60EA00988390 /* Debug */,
				20BE859A22AD60EA00988390 /* Release */,
			);
			defaultConfigurationIsVisible = 0;
			defaultConfigurationName = Release;
		};
		20BE859B22AD60EA00988390 /* Build configuration list for PBXNativeTarget "todo" */ = {
			isa = XCConfigurationList;
			buildConfigurations = (
				20BE859C22AD60EA00988390 /* Debug */,
				20BE859D22AD60EA00988390 /* Release */,
			);
			defaultConfigurationIsVisible = 0;
			defaultConfigurationName = Release;
		};
/* End XCConfigurationList section */
	};
	rootObject = 20BE857F22AD60E900988390 /* Project object */;
}
